// !$*UTF8*$!
{
	archiveVersion = 1;
	classes = {
	};
	objectVersion = 50;
	objects = {

/* Begin PBXBuildFile section */
		441F1135226F407F00717853 /* AppDelegate.swift in Sources */ = {isa = PBXBuildFile; fileRef = 441F1134226F407F00717853 /* AppDelegate.swift */; };
		441F1137226F407F00717853 /* FirstViewController.swift in Sources */ = {isa = PBXBuildFile; fileRef = 441F1136226F407F00717853 /* FirstViewController.swift */; };
		441F113C226F407F00717853 /* Main.storyboard in Resources */ = {isa = PBXBuildFile; fileRef = 441F113A226F407F00717853 /* Main.storyboard */; };
		441F113E226F408000717853 /* Assets.xcassets in Resources */ = {isa = PBXBuildFile; fileRef = 441F113D226F408000717853 /* Assets.xcassets */; };
		441F1141226F408000717853 /* LaunchScreen.storyboard in Resources */ = {isa = PBXBuildFile; fileRef = 441F113F226F408000717853 /* LaunchScreen.storyboard */; };
		441F114C226F408000717853 /* loTechHappyFoodTests.swift in Sources */ = {isa = PBXBuildFile; fileRef = 441F114B226F408000717853 /* loTechHappyFoodTests.swift */; };
		441F1157226F5A3500717853 /* CustomTabController.swift in Sources */ = {isa = PBXBuildFile; fileRef = 441F1156226F5A3500717853 /* CustomTabController.swift */; };
		441F1159226F60EB00717853 /* MainViewController.swift in Sources */ = {isa = PBXBuildFile; fileRef = 441F1158226F60EB00717853 /* MainViewController.swift */; };
/* End PBXBuildFile section */

/* Begin PBXContainerItemProxy section */
		441F1148226F408000717853 /* PBXContainerItemProxy */ = {
			isa = PBXContainerItemProxy;
			containerPortal = 441F1129226F407F00717853 /* Project object */;
			proxyType = 1;
			remoteGlobalIDString = 441F1130226F407F00717853;
			remoteInfo = loTechHappyFood;
		};
/* End PBXContainerItemProxy section */

/* Begin PBXFileReference section */
		441F1131226F407F00717853 /* loTechHappyFood.app */ = {isa = PBXFileReference; explicitFileType = wrapper.application; includeInIndex = 0; path = loTechHappyFood.app; sourceTree = BUILT_PRODUCTS_DIR; };
		441F1134226F407F00717853 /* AppDelegate.swift */ = {isa = PBXFileReference; lastKnownFileType = sourcecode.swift; path = AppDelegate.swift; sourceTree = "<group>"; };
		441F1136226F407F00717853 /* FirstViewController.swift */ = {isa = PBXFileReference; lastKnownFileType = sourcecode.swift; path = FirstViewController.swift; sourceTree = "<group>"; };
		441F113B226F407F00717853 /* Base */ = {isa = PBXFileReference; lastKnownFileType = file.storyboard; name = Base; path = Base.lproj/Main.storyboard; sourceTree = "<group>"; };
		441F113D226F408000717853 /* Assets.xcassets */ = {isa = PBXFileReference; lastKnownFileType = folder.assetcatalog; path = Assets.xcassets; sourceTree = "<group>"; };
		441F1140226F408000717853 /* Base */ = {isa = PBXFileReference; lastKnownFileType = file.storyboard; name = Base; path = Base.lproj/LaunchScreen.storyboard; sourceTree = "<group>"; };
		441F1142226F408000717853 /* Info.plist */ = {isa = PBXFileReference; lastKnownFileType = text.plist.xml; path = Info.plist; sourceTree = "<group>"; };
		441F1147226F408000717853 /* loTechHappyFoodTests.xctest */ = {isa = PBXFileReference; explicitFileType = wrapper.cfbundle; includeInIndex = 0; path = loTechHappyFoodTests.xctest; sourceTree = BUILT_PRODUCTS_DIR; };
		441F114B226F408000717853 /* loTechHappyFoodTests.swift */ = {isa = PBXFileReference; lastKnownFileType = sourcecode.swift; path = loTechHappyFoodTests.swift; sourceTree = "<group>"; };
		441F114D226F408000717853 /* Info.plist */ = {isa = PBXFileReference; lastKnownFileType = text.plist.xml; path = Info.plist; sourceTree = "<group>"; };
		441F1156226F5A3500717853 /* CustomTabController.swift */ = {isa = PBXFileReference; lastKnownFileType = sourcecode.swift; path = CustomTabController.swift; sourceTree = "<group>"; };
		441F1158226F60EB00717853 /* MainViewController.swift */ = {isa = PBXFileReference; lastKnownFileType = sourcecode.swift; path = MainViewController.swift; sourceTree = "<group>"; };
/* End PBXFileReference section */

/* Begin PBXFrameworksBuildPhase section */
		441F112E226F407F00717853 /* Frameworks */ = {
			isa = PBXFrameworksBuildPhase;
			buildActionMask = 2147483647;
			files = (
			);
			runOnlyForDeploymentPostprocessing = 0;
		};
		441F1144226F408000717853 /* Frameworks */ = {
			isa = PBXFrameworksBuildPhase;
			buildActionMask = 2147483647;
			files = (
			);
			runOnlyForDeploymentPostprocessing = 0;
		};
/* End PBXFrameworksBuildPhase section */

/* Begin PBXGroup section */
		441F1128226F407F00717853 = {
			isa = PBXGroup;
			children = (
				441F1133226F407F00717853 /* loTechHappyFood */,
				441F114A226F408000717853 /* loTechHappyFoodTests */,
				441F1132226F407F00717853 /* Products */,
			);
			sourceTree = "<group>";
		};
		441F1132226F407F00717853 /* Products */ = {
			isa = PBXGroup;
			children = (
				441F1131226F407F00717853 /* loTechHappyFood.app */,
				441F1147226F408000717853 /* loTechHappyFoodTests.xctest */,
			);
			name = Products;
			sourceTree = "<group>";
		};
		441F1133226F407F00717853 /* loTechHappyFood */ = {
			isa = PBXGroup;
			children = (
				441F1134226F407F00717853 /* AppDelegate.swift */,
				441F1156226F5A3500717853 /* CustomTabController.swift */,
				441F1136226F407F00717853 /* FirstViewController.swift */,
				441F113A226F407F00717853 /* Main.storyboard */,
				441F1158226F60EB00717853 /* MainViewController.swift */,
				441F113D226F408000717853 /* Assets.xcassets */,
				441F113F226F408000717853 /* LaunchScreen.storyboard */,
				441F1142226F408000717853 /* Info.plist */,
			);
			path = loTechHappyFood;
			sourceTree = "<group>";
		};
		441F114A226F408000717853 /* loTechHappyFoodTests */ = {
			isa = PBXGroup;
			children = (
				441F114B226F408000717853 /* loTechHappyFoodTests.swift */,
				441F114D226F408000717853 /* Info.plist */,
			);
			path = loTechHappyFoodTests;
			sourceTree = "<group>";
		};
/* End PBXGroup section */

/* Begin PBXNativeTarget section */
		441F1130226F407F00717853 /* loTechHappyFood */ = {
			isa = PBXNativeTarget;
			buildConfigurationList = 441F1150226F408000717853 /* Build configuration list for PBXNativeTarget "loTechHappyFood" */;
			buildPhases = (
				441F112D226F407F00717853 /* Sources */,
				441F112E226F407F00717853 /* Frameworks */,
				441F112F226F407F00717853 /* Resources */,
			);
			buildRules = (
			);
			dependencies = (
			);
			name = loTechHappyFood;
			productName = loTechHappyFood;
			productReference = 441F1131226F407F00717853 /* loTechHappyFood.app */;
			productType = "com.apple.product-type.application";
		};
		441F1146226F408000717853 /* loTechHappyFoodTests */ = {
			isa = PBXNativeTarget;
			buildConfigurationList = 441F1153226F408000717853 /* Build configuration list for PBXNativeTarget "loTechHappyFoodTests" */;
			buildPhases = (
				441F1143226F408000717853 /* Sources */,
				441F1144226F408000717853 /* Frameworks */,
				441F1145226F408000717853 /* Resources */,
			);
			buildRules = (
			);
			dependencies = (
				441F1149226F408000717853 /* PBXTargetDependency */,
			);
			name = loTechHappyFoodTests;
			productName = loTechHappyFoodTests;
			productReference = 441F1147226F408000717853 /* loTechHappyFoodTests.xctest */;
			productType = "com.apple.product-type.bundle.unit-test";
		};
/* End PBXNativeTarget section */

/* Begin PBXProject section */
		441F1129226F407F00717853 /* Project object */ = {
			isa = PBXProject;
			attributes = {
				LastSwiftUpdateCheck = 1020;
				LastUpgradeCheck = 1020;
				ORGANIZATIONNAME = "Kate Roberts";
				TargetAttributes = {
					441F1130226F407F00717853 = {
						CreatedOnToolsVersion = 10.2;
					};
					441F1146226F408000717853 = {
						CreatedOnToolsVersion = 10.2;
						TestTargetID = 441F1130226F407F00717853;
					};
				};
			};
			buildConfigurationList = 441F112C226F407F00717853 /* Build configuration list for PBXProject "loTechHappyFood" */;
			compatibilityVersion = "Xcode 9.3";
			developmentRegion = en;
			hasScannedForEncodings = 0;
			knownRegions = (
				en,
				Base,
			);
			mainGroup = 441F1128226F407F00717853;
			productRefGroup = 441F1132226F407F00717853 /* Products */;
			projectDirPath = "";
			projectRoot = "";
			targets = (
				441F1130226F407F00717853 /* loTechHappyFood */,
				441F1146226F408000717853 /* loTechHappyFoodTests */,
			);
		};
/* End PBXProject section */

/* Begin PBXResourcesBuildPhase section */
		441F112F226F407F00717853 /* Resources */ = {
			isa = PBXResourcesBuildPhase;
			buildActionMask = 2147483647;
			files = (
				441F1141226F408000717853 /* LaunchScreen.storyboard in Resources */,
				441F113E226F408000717853 /* Assets.xcassets in Resources */,
				441F113C226F407F00717853 /* Main.storyboard in Resources */,
			);
			runOnlyForDeploymentPostprocessing = 0;
		};
		441F1145226F408000717853 /* Resources */ = {
			isa = PBXResourcesBuildPhase;
			buildActionMask = 2147483647;
			files = (
			);
			runOnlyForDeploymentPostprocessing = 0;
		};
/* End PBXResourcesBuildPhase section */

/* Begin PBXSourcesBuildPhase section */
		441F112D226F407F00717853 /* Sources */ = {
			isa = PBXSourcesBuildPhase;
			buildActionMask = 2147483647;
			files = (
				441F1135226F407F00717853 /* AppDelegate.swift in Sources */,
				441F1157226F5A3500717853 /* CustomTabController.swift in Sources */,
				441F1137226F407F00717853 /* FirstViewController.swift in Sources */,
				441F1159226F60EB00717853 /* MainViewController.swift in Sources */,
			);
			runOnlyForDeploymentPostprocessing = 0;
		};
		441F1143226F408000717853 /* Sources */ = {
			isa = PBXSourcesBuildPhase;
			buildActionMask = 2147483647;
			files = (
				441F114C226F408000717853 /* loTechHappyFoodTests.swift in Sources */,
			);
			runOnlyForDeploymentPostprocessing = 0;
		};
/* End PBXSourcesBuildPhase section */

/* Begin PBXTargetDependency section */
		441F1149226F408000717853 /* PBXTargetDependency */ = {
			isa = PBXTargetDependency;
			target = 441F1130226F407F00717853 /* loTechHappyFood */;
			targetProxy = 441F1148226F408000717853 /* PBXContainerItemProxy */;
		};
/* End PBXTargetDependency section */

/* Begin PBXVariantGroup section */
		441F113A226F407F00717853 /* Main.storyboard */ = {
			isa = PBXVariantGroup;
			children = (
				441F113B226F407F00717853 /* Base */,
			);
			name = Main.storyboard;
			sourceTree = "<group>";
		};
		441F113F226F408000717853 /* LaunchScreen.storyboard */ = {
			isa = PBXVariantGroup;
			children = (
				441F1140226F408000717853 /* Base */,
			);
			name = LaunchScreen.storyboard;
			sourceTree = "<group>";
		};
/* End PBXVariantGroup section */

/* Begin XCBuildConfiguration section */
		441F114E226F408000717853 /* Debug */ = {
			isa = XCBuildConfiguration;
			buildSettings = {
				ALWAYS_SEARCH_USER_PATHS = NO;
				CLANG_ANALYZER_NONNULL = YES;
				CLANG_ANALYZER_NUMBER_OBJECT_CONVERSION = YES_AGGRESSIVE;
				CLANG_CXX_LANGUAGE_STANDARD = "gnu++14";
				CLANG_CXX_LIBRARY = "libc++";
				CLANG_ENABLE_MODULES = YES;
				CLANG_ENABLE_OBJC_ARC = YES;
				CLANG_ENABLE_OBJC_WEAK = YES;
				CLANG_WARN_BLOCK_CAPTURE_AUTORELEASING = YES;
				CLANG_WARN_BOOL_CONVERSION = YES;
				CLANG_WARN_COMMA = YES;
				CLANG_WARN_CONSTANT_CONVERSION = YES;
				CLANG_WARN_DEPRECATED_OBJC_IMPLEMENTATIONS = YES;
				CLANG_WARN_DIRECT_OBJC_ISA_USAGE = YES_ERROR;
				CLANG_WARN_DOCUMENTATION_COMMENTS = YES;
				CLANG_WARN_EMPTY_BODY = YES;
				CLANG_WARN_ENUM_CONVERSION = YES;
				CLANG_WARN_INFINITE_RECURSION = YES;
				CLANG_WARN_INT_CONVERSION = YES;
				CLANG_WARN_NON_LITERAL_NULL_CONVERSION = YES;
				CLANG_WARN_OBJC_IMPLICIT_RETAIN_SELF = YES;
				CLANG_WARN_OBJC_LITERAL_CONVERSION = YES;
				CLANG_WARN_OBJC_ROOT_CLASS = YES_ERROR;
				CLANG_WARN_RANGE_LOOP_ANALYSIS = YES;
				CLANG_WARN_STRICT_PROTOTYPES = YES;
				CLANG_WARN_SUSPICIOUS_MOVE = YES;
				CLANG_WARN_UNGUARDED_AVAILABILITY = YES_AGGRESSIVE;
				CLANG_WARN_UNREACHABLE_CODE = YES;
				CLANG_WARN__DUPLICATE_METHOD_MATCH = YES;
				CODE_SIGN_IDENTITY = "iPhone Developer";
				COPY_PHASE_STRIP = NO;
				DEBUG_INFORMATION_FORMAT = dwarf;
				ENABLE_STRICT_OBJC_MSGSEND = YES;
				ENABLE_TESTABILITY = YES;
				GCC_C_LANGUAGE_STANDARD = gnu11;
				GCC_DYNAMIC_NO_PIC = NO;
				GCC_NO_COMMON_BLOCKS = YES;
				GCC_OPTIMIZATION_LEVEL = 0;
				GCC_PREPROCESSOR_DEFINITIONS = (
					"DEBUG=1",
					"$(inherited)",
				);
				GCC_WARN_64_TO_32_BIT_CONVERSION = YES;
				GCC_WARN_ABOUT_RETURN_TYPE = YES_ERROR;
				GCC_WARN_UNDECLARED_SELECTOR = YES;
				GCC_WARN_UNINITIALIZED_AUTOS = YES_AGGRESSIVE;
				GCC_WARN_UNUSED_FUNCTION = YES;
				GCC_WARN_UNUSED_VARIABLE = YES;
				IPHONEOS_DEPLOYMENT_TARGET = 12.2;
				MTL_ENABLE_DEBUG_INFO = INCLUDE_SOURCE;
				MTL_FAST_MATH = YES;
				ONLY_ACTIVE_ARCH = YES;
				SDKROOT = iphoneos;
				SWIFT_ACTIVE_COMPILATION_CONDITIONS = DEBUG;
				SWIFT_OPTIMIZATION_LEVEL = "-Onone";
			};
			name = Debug;
		};
		441F114F226F408000717853 /* Release */ = {
			isa = XCBuildConfiguration;
			buildSettings = {
				ALWAYS_SEARCH_USER_PATHS = NO;
				CLANG_ANALYZER_NONNULL = YES;
				CLANG_ANALYZER_NUMBER_OBJECT_CONVERSION = YES_AGGRESSIVE;
				CLANG_CXX_LANGUAGE_STANDARD = "gnu++14";
				CLANG_CXX_LIBRARY = "libc++";
				CLANG_ENABLE_MODULES = YES;
				CLANG_ENABLE_OBJC_ARC = YES;
				CLANG_ENABLE_OBJC_WEAK = YES;
				CLANG_WARN_BLOCK_CAPTURE_AUTORELEASING = YES;
				CLANG_WARN_BOOL_CONVERSION = YES;
				CLANG_WARN_COMMA = YES;
				CLANG_WARN_CONSTANT_CONVERSION = YES;
				CLANG_WARN_DEPRECATED_OBJC_IMPLEMENTATIONS = YES;
				CLANG_WARN_DIRECT_OBJC_ISA_USAGE = YES_ERROR;
				CLANG_WARN_DOCUMENTATION_COMMENTS = YES;
				CLANG_WARN_EMPTY_BODY = YES;
				CLANG_WARN_ENUM_CONVERSION = YES;
				CLANG_WARN_INFINITE_RECURSION = YES;
				CLANG_WARN_INT_CONVERSION = YES;
				CLANG_WARN_NON_LITERAL_NULL_CONVERSION = YES;
				CLANG_WARN_OBJC_IMPLICIT_RETAIN_SELF = YES;
				CLANG_WARN_OBJC_LITERAL_CONVERSION = YES;
				CLANG_WARN_OBJC_ROOT_CLASS = YES_ERROR;
				CLANG_WARN_RANGE_LOOP_ANALYSIS = YES;
				CLANG_WARN_STRICT_PROTOTYPES = YES;
				CLANG_WARN_SUSPICIOUS_MOVE = YES;
				CLANG_WARN_UNGUARDED_AVAILABILITY = YES_AGGRESSIVE;
				CLANG_WARN_UNREACHABLE_CODE = YES;
				CLANG_WARN__DUPLICATE_METHOD_MATCH = YES;
				CODE_SIGN_IDENTITY = "iPhone Developer";
				COPY_PHASE_STRIP = NO;
				DEBUG_INFORMATION_FORMAT = "dwarf-with-dsym";
				ENABLE_NS_ASSERTIONS = NO;
				ENABLE_STRICT_OBJC_MSGSEND = YES;
				GCC_C_LANGUAGE_STANDARD = gnu11;
				GCC_NO_COMMON_BLOCKS = YES;
				GCC_WARN_64_TO_32_BIT_CONVERSION = YES;
				GCC_WARN_ABOUT_RETURN_TYPE = YES_ERROR;
				GCC_WARN_UNDECLARED_SELECTOR = YES;
				GCC_WARN_UNINITIALIZED_AUTOS = YES_AGGRESSIVE;
				GCC_WARN_UNUSED_FUNCTION = YES;
				GCC_WARN_UNUSED_VARIABLE = YES;
				IPHONEOS_DEPLOYMENT_TARGET = 12.2;
				MTL_ENABLE_DEBUG_INFO = NO;
				MTL_FAST_MATH = YES;
				SDKROOT = iphoneos;
				SWIFT_COMPILATION_MODE = wholemodule;
				SWIFT_OPTIMIZATION_LEVEL = "-O";
				VALIDATE_PRODUCT = YES;
			};
			name = Release;
		};
		441F1151226F408000717853 /* Debug */ = {
			isa = XCBuildConfiguration;
			buildSettings = {
				ASSETCATALOG_COMPILER_APPICON_NAME = AppIcon;
				CODE_SIGN_STYLE = Automatic;
				INFOPLIST_FILE = loTechHappyFood/Info.plist;
				LD_RUNPATH_SEARCH_PATHS = (
					"$(inherited)",
					"@executable_path/Frameworks",
				);
				PRODUCT_BUNDLE_IDENTIFIER = com.example.loTechHappyFood;
				PRODUCT_NAME = "$(TARGET_NAME)";
				SWIFT_VERSION = 5.0;
				TARGETED_DEVICE_FAMILY = "1,2";
			};
			name = Debug;
		};
		441F1152226F408000717853 /* Release */ = {
			isa = XCBuildConfiguration;
			buildSettings = {
				ASSETCATALOG_COMPILER_APPICON_NAME = AppIcon;
				CODE_SIGN_STYLE = Automatic;
				INFOPLIST_FILE = loTechHappyFood/Info.plist;
				LD_RUNPATH_SEARCH_PATHS = (
					"$(inherited)",
					"@executable_path/Frameworks",
				);
				PRODUCT_BUNDLE_IDENTIFIER = com.example.loTechHappyFood;
				PRODUCT_NAME = "$(TARGET_NAME)";
				SWIFT_VERSION = 5.0;
				TARGETED_DEVICE_FAMILY = "1,2";
			};
			name = Release;
		};
		441F1154226F408000717853 /* Debug */ = {
			isa = XCBuildConfiguration;
			buildSettings = {
				ALWAYS_EMBED_SWIFT_STANDARD_LIBRARIES = YES;
				BUNDLE_LOADER = "$(TEST_HOST)";
				CODE_SIGN_STYLE = Automatic;
				INFOPLIST_FILE = loTechHappyFoodTests/Info.plist;
				LD_RUNPATH_SEARCH_PATHS = (
					"$(inherited)",
					"@executable_path/Frameworks",
					"@loader_path/Frameworks",
				);
				PRODUCT_BUNDLE_IDENTIFIER = com.example.loTechHappyFoodTests;
				PRODUCT_NAME = "$(TARGET_NAME)";
				SWIFT_VERSION = 5.0;
				TARGETED_DEVICE_FAMILY = "1,2";
				TEST_HOST = "$(BUILT_PRODUCTS_DIR)/loTechHappyFood.app/loTechHappyFood";
			};
			name = Debug;
		};
		441F1155226F408000717853 /* Release */ = {
			isa = XCBuildConfiguration;
			buildSettings = {
				ALWAYS_EMBED_SWIFT_STANDARD_LIBRARIES = YES;
				BUNDLE_LOADER = "$(TEST_HOST)";
				CODE_SIGN_STYLE = Automatic;
				INFOPLIST_FILE = loTechHappyFoodTests/Info.plist;
				LD_RUNPATH_SEARCH_PATHS = (
					"$(inherited)",
					"@executable_path/Frameworks",
					"@loader_path/Frameworks",
				);
				PRODUCT_BUNDLE_IDENTIFIER = com.example.loTechHappyFoodTests;
				PRODUCT_NAME = "$(TARGET_NAME)";
				SWIFT_VERSION = 5.0;
				TARGETED_DEVICE_FAMILY = "1,2";
				TEST_HOST = "$(BUILT_PRODUCTS_DIR)/loTechHappyFood.app/loTechHappyFood";
			};
			name = Release;
		};
/* End XCBuildConfiguration section */

/* Begin XCConfigurationList section */
		441F112C226F407F00717853 /* Build configuration list for PBXProject "loTechHappyFood" */ = {
			isa = XCConfigurationList;
			buildConfigurations = (
				441F114E226F408000717853 /* Debug */,
				441F114F226F408000717853 /* Release */,
			);
			defaultConfigurationIsVisible = 0;
			defaultConfigurationName = Release;
		};
		441F1150226F408000717853 /* Build configuration list for PBXNativeTarget "loTechHappyFood" */ = {
			isa = XCConfigurationList;
			buildConfigurations = (
				441F1151226F408000717853 /* Debug */,
				441F1152226F408000717853 /* Release */,
			);
			defaultConfigurationIsVisible = 0;
			defaultConfigurationName = Release;
		};
		441F1153226F408000717853 /* Build configuration list for PBXNativeTarget "loTechHappyFoodTests" */ = {
			isa = XCConfigurationList;
			buildConfigurations = (
				441F1154226F408000717853 /* Debug */,
				441F1155226F408000717853 /* Release */,
			);
			defaultConfigurationIsVisible = 0;
			defaultConfigurationName = Release;
		};
/* End XCConfigurationList section */
	};
	rootObject = 441F1129226F407F00717853 /* Project object */;
}
